
Microsoft Visual Studio Solution File, Format Version 12.00
# Visual Studio Version 17
VisualStudioVersion = 17.5.33516.290
MinimumVisualStudioVersion = 10.0.40219.1
Project("{FAE04EC0-301F-11D3-BF4B-00C04F79EFBC}") = "Calvanese.Windows.API", "Calvanese.Windows.API\Calvanese.Windows.API.csproj", "{03A0EFC2-5E51-4899-9FF0-F47AF84C7653}"
EndProject
Project("{FAE04EC0-301F-11D3-BF4B-00C04F79EFBC}") = "Calvanese.Platform.WPF", "Calvanese.Platform.WPF\Calvanese.Platform.WPF.csproj", "{C971F220-F830-4CE1-9067-CC837685A370}"
EndProject
Project("{FAE04EC0-301F-11D3-BF4B-00C04F79EFBC}") = "Calvanese.Platform.Forms", "Calvanese.Platform.Forms\Calvanese.Platform.Forms.csproj", "{234B292F-181D-4135-A9CC-1410FF930328}"
EndProject
Project("{FAE04EC0-301F-11D3-BF4B-00C04F79EFBC}") = "Calvanese.Platform.Standard", "Calvanese.Platform.Standard\Calvanese.Platform.Standard.csproj", "{F023820C-05FC-47CB-8077-C1233F434818}"
EndProject
Project("{FAE04EC0-301F-11D3-BF4B-00C04F79EFBC}") = "Calvanese.SimpleLight.WPF", "Calvanese.SimpleLight.WPF\Calvanese.SimpleLight.WPF.csproj", "{8E04A7D6-05A5-4B8C-AE95-0E29BCE4BB4E}"
EndProject
Global
	GlobalSection(SolutionConfigurationPlatforms) = preSolution
		Debug|Any CPU = Debug|Any CPU
		Release|Any CPU = Release|Any CPU
	EndGlobalSection
	GlobalSection(ProjectConfigurationPlatforms) = postSolution
		{03A0EFC2-5E51-4899-9FF0-F47AF84C7653}.Debug|Any CPU.ActiveCfg = Debug|Any CPU
		{03A0EFC2-5E51-4899-9FF0-F47AF84C7653}.Debug|Any CPU.Build.0 = Debug|Any CPU
		{03A0EFC2-5E51-4899-9FF0-F47AF84C7653}.Release|Any CPU.ActiveCfg = Release|Any CPU
		{03A0EFC2-5E51-4899-9FF0-F47AF84C7653}.Release|Any CPU.Build.0 = Release|Any CPU
		{C971F220-F830-4CE1-9067-CC837685A370}.Debug|Any CPU.ActiveCfg = Debug|Any CPU
		{C971F220-F830-4CE1-9067-CC837685A370}.Debug|Any CPU.Build.0 = Debug|Any CPU
		{C971F220-F830-4CE1-9067-CC837685A370}.Release|Any CPU.ActiveCfg = Release|Any CPU
		{C971F220-F830-4CE1-9067-CC837685A370}.Release|Any CPU.Build.0 = Release|Any CPU
		{234B292F-181D-4135-A9CC-1410FF930328}.Debug|Any CPU.ActiveCfg = Debug|Any CPU
		{234B292F-181D-4135-A9CC-1410FF930328}.Debug|Any CPU.Build.0 = Debug|Any CPU
		{234B292F-181D-4135-A9CC-1410FF930328}.Release|Any CPU.ActiveCfg = Release|Any CPU
		{234B292F-181D-4135-A9CC-1410FF930328}.Release|Any CPU.Build.0 = Release|Any CPU
		{F023820C-05FC-47CB-8077-C1233F434818}.Debug|Any CPU.ActiveCfg = Debug|Any CPU
		{F023820C-05FC-47CB-8077-C1233F434818}.Debug|Any CPU.Build.0 = Debug|Any CPU
		{F023820C-05FC-47CB-8077-C1233F434818}.Release|Any CPU.ActiveCfg = Release|Any CPU
		{F023820C-05FC-47CB-8077-C1233F434818}.Release|Any CPU.Build.0 = Release|Any CPU
		{8E04A7D6-05A5-4B8C-AE95-0E29BCE4BB4E}.Debug|Any CPU.ActiveCfg = Debug|Any CPU
		{8E04A7D6-05A5-4B8C-AE95-0E29BCE4BB4E}.Debug|Any CPU.Build.0 = Debug|Any CPU
		{8E04A7D6-05A5-4B8C-AE95-0E29BCE4BB4E}.Release|Any CPU.ActiveCfg = Release|Any CPU
		{8E04A7D6-05A5-4B8C-AE95-0E29BCE4BB4E}.Release|Any CPU.Build.0 = Release|Any CPU
	EndGlobalSection
	GlobalSection(SolutionProperties) = preSolution
		HideSolutionNode = FALSE
	EndGlobalSection
	GlobalSection(ExtensibilityGlobals) = postSolution
		SolutionGuid = {F24F75F8-A19A-4221-BCD3-95E7F732FE1D}
	EndGlobalSection
EndGlobal
